// !$*UTF8*$!
{
	archiveVersion = 1;
	classes = {
	};
	objectVersion = 55;
	objects = {

/* Begin PBXGroup section */
		9E8E7E9B2AEE9A3300431180 = {
			isa = PBXGroup;
			children = (
			);
			sourceTree = "<group>";
		};
/* End PBXGroup section */

/* Begin PBXProject section */
		9E8E7E9C2AEE9A3300431180 /* Project object */ = {
			isa = PBXProject;
			attributes = {
				BuildIndependentTargetsInParallel = 1;
				LastUpgradeCheck = 1340;
			};
			buildConfigurationList = 9E8E7E9F2AEE9A3300431180 /* Build configuration list for PBXProject "Leetcode_Problem" */;
			compatibilityVersion = "Xcode 13.0";
			developmentRegion = en;
			hasScannedForEncodings = 0;
			knownRegions = (
				en,
				Base,
			);
			mainGroup = 9E8E7E9B2AEE9A3300431180;
			projectDirPath = "";
			projectRoot = "";
			targets = (
			);
		};
/* End PBXProject section */

/* Begin XCBuildConfiguration section */
		9E8E7EA02AEE9A3300431180 /* Debug */ = {
			isa = XCBuildConfiguration;
			buildSettings = {
			};
			name = Debug;
		};
		9E8E7EA12AEE9A3300431180 /* Release */ = {
			isa = XCBuildConfiguration;
			buildSettings = {
			};
			name = Release;
		};
/* End XCBuildConfiguration section */

/* Begin XCConfigurationList section */
		9E8E7E9F2AEE9A3300431180 /* Build configuration list for PBXProject "Leetcode_Problem" */ = {
			isa = XCConfigurationList;
			buildConfigurations = (
				9E8E7EA02AEE9A3300431180 /* Debug */,
				9E8E7EA12AEE9A3300431180 /* Release */,
			);
			defaultConfigurationIsVisible = 0;
			defaultConfigurationName = Release;
		};
/* End XCConfigurationList section */
	};
	rootObject = 9E8E7E9C2AEE9A3300431180 /* Project object */;
}
